// !$*UTF8*$!
{
	archiveVersion = 1;
	classes = {
	};
	objectVersion = 56;
	objects = {

/* Begin PBXBuildFile section */
		7411D29729D49AF0001FF526 /* EmptyStateView.swift in Sources */ = {isa = PBXBuildFile; fileRef = 7411D29629D49AF0001FF526 /* EmptyStateView.swift */; };
		7411D29929D4A802001FF526 /* Order.swift in Sources */ = {isa = PBXBuildFile; fileRef = 7411D29829D4A802001FF526 /* Order.swift */; };
		7411D29B29D57148001FF526 /* CustomModifiers.swift in Sources */ = {isa = PBXBuildFile; fileRef = 7411D29A29D57148001FF526 /* CustomModifiers.swift */; };
		747F374829D2BF740090DAFE /* AppeteziersApp.swift in Sources */ = {isa = PBXBuildFile; fileRef = 747F374729D2BF740090DAFE /* AppeteziersApp.swift */; };
		747F374A29D2BF740090DAFE /* AppetezierTabView.swift in Sources */ = {isa = PBXBuildFile; fileRef = 747F374929D2BF740090DAFE /* AppetezierTabView.swift */; };
		747F374C29D2BF750090DAFE /* Assets.xcassets in Resources */ = {isa = PBXBuildFile; fileRef = 747F374B29D2BF750090DAFE /* Assets.xcassets */; };
		747F374F29D2BF750090DAFE /* Preview Assets.xcassets in Resources */ = {isa = PBXBuildFile; fileRef = 747F374E29D2BF750090DAFE /* Preview Assets.xcassets */; };
		747F375629D2BFD70090DAFE /* AppetezierListView.swift in Sources */ = {isa = PBXBuildFile; fileRef = 747F375529D2BFD70090DAFE /* AppetezierListView.swift */; };
		747F375829D2BFDF0090DAFE /* AccountView.swift in Sources */ = {isa = PBXBuildFile; fileRef = 747F375729D2BFDF0090DAFE /* AccountView.swift */; };
		747F375A29D2BFE60090DAFE /* OrderView.swift in Sources */ = {isa = PBXBuildFile; fileRef = 747F375929D2BFE60090DAFE /* OrderView.swift */; };
		747F375C29D2C59C0090DAFE /* AppetezierModel.swift in Sources */ = {isa = PBXBuildFile; fileRef = 747F375B29D2C59C0090DAFE /* AppetezierModel.swift */; };
		747F375E29D2CBF90090DAFE /* AppetezierListCell.swift in Sources */ = {isa = PBXBuildFile; fileRef = 747F375D29D2CBF90090DAFE /* AppetezierListCell.swift */; };
		747F376029D2CD650090DAFE /* NetworkManager.swift in Sources */ = {isa = PBXBuildFile; fileRef = 747F375F29D2CD650090DAFE /* NetworkManager.swift */; };
		747F376229D2CE9C0090DAFE /* APError.swift in Sources */ = {isa = PBXBuildFile; fileRef = 747F376129D2CE9C0090DAFE /* APError.swift */; };
		74A1403629D40D8C004F7AF9 /* AppetezierDetailView.swift in Sources */ = {isa = PBXBuildFile; fileRef = 74A1403529D40D8C004F7AF9 /* AppetezierDetailView.swift */; };
		74A1403929D418B8004F7AF9 /* APButton.swift in Sources */ = {isa = PBXBuildFile; fileRef = 74A1403829D418B8004F7AF9 /* APButton.swift */; };
		74A1403B29D41AA9004F7AF9 /* XDismissButton.swift in Sources */ = {isa = PBXBuildFile; fileRef = 74A1403A29D41AA9004F7AF9 /* XDismissButton.swift */; };
		74A1403D29D480AC004F7AF9 /* AccountViewModel.swift in Sources */ = {isa = PBXBuildFile; fileRef = 74A1403C29D480AC004F7AF9 /* AccountViewModel.swift */; };
		74A1403F29D4825D004F7AF9 /* String+Ext.swift in Sources */ = {isa = PBXBuildFile; fileRef = 74A1403E29D4825D004F7AF9 /* String+Ext.swift */; };
		74A1404129D487B7004F7AF9 /* User.swift in Sources */ = {isa = PBXBuildFile; fileRef = 74A1404029D487B7004F7AF9 /* User.swift */; };
		74E3391629D2E780002CB0C6 /* AppetezierListViewModel.swift in Sources */ = {isa = PBXBuildFile; fileRef = 74E3391529D2E780002CB0C6 /* AppetezierListViewModel.swift */; };
		74E3391829D2EEDF002CB0C6 /* Alert.swift in Sources */ = {isa = PBXBuildFile; fileRef = 74E3391729D2EEDF002CB0C6 /* Alert.swift */; };
		74E3391A29D32062002CB0C6 /* LoadingView.swift in Sources */ = {isa = PBXBuildFile; fileRef = 74E3391929D32062002CB0C6 /* LoadingView.swift */; };
		74E3391C29D33393002CB0C6 /* RemoteImage.swift in Sources */ = {isa = PBXBuildFile; fileRef = 74E3391B29D33393002CB0C6 /* RemoteImage.swift */; };
/* End PBXBuildFile section */

/* Begin PBXFileReference section */
		7411D29629D49AF0001FF526 /* EmptyStateView.swift */ = {isa = PBXFileReference; lastKnownFileType = sourcecode.swift; path = EmptyStateView.swift; sourceTree = "<group>"; };
		7411D29829D4A802001FF526 /* Order.swift */ = {isa = PBXFileReference; lastKnownFileType = sourcecode.swift; path = Order.swift; sourceTree = "<group>"; };
		7411D29A29D57148001FF526 /* CustomModifiers.swift */ = {isa = PBXFileReference; lastKnownFileType = sourcecode.swift; path = CustomModifiers.swift; sourceTree = "<group>"; };
		747F374429D2BF740090DAFE /* Appeteziers.app */ = {isa = PBXFileReference; explicitFileType = wrapper.application; includeInIndex = 0; path = Appeteziers.app; sourceTree = BUILT_PRODUCTS_DIR; };
		747F374729D2BF740090DAFE /* AppeteziersApp.swift */ = {isa = PBXFileReference; lastKnownFileType = sourcecode.swift; path = AppeteziersApp.swift; sourceTree = "<group>"; };
		747F374929D2BF740090DAFE /* AppetezierTabView.swift */ = {isa = PBXFileReference; lastKnownFileType = sourcecode.swift; path = AppetezierTabView.swift; sourceTree = "<group>"; };
		747F374B29D2BF750090DAFE /* Assets.xcassets */ = {isa = PBXFileReference; lastKnownFileType = folder.assetcatalog; path = Assets.xcassets; sourceTree = "<group>"; };
		747F374E29D2BF750090DAFE /* Preview Assets.xcassets */ = {isa = PBXFileReference; lastKnownFileType = folder.assetcatalog; path = "Preview Assets.xcassets"; sourceTree = "<group>"; };
		747F375529D2BFD70090DAFE /* AppetezierListView.swift */ = {isa = PBXFileReference; lastKnownFileType = sourcecode.swift; path = AppetezierListView.swift; sourceTree = "<group>"; };
		747F375729D2BFDF0090DAFE /* AccountView.swift */ = {isa = PBXFileReference; lastKnownFileType = sourcecode.swift; path = AccountView.swift; sourceTree = "<group>"; };
		747F375929D2BFE60090DAFE /* OrderView.swift */ = {isa = PBXFileReference; lastKnownFileType = sourcecode.swift; path = OrderView.swift; sourceTree = "<group>"; };
		747F375B29D2C59C0090DAFE /* AppetezierModel.swift */ = {isa = PBXFileReference; lastKnownFileType = sourcecode.swift; path = AppetezierModel.swift; sourceTree = "<group>"; };
		747F375D29D2CBF90090DAFE /* AppetezierListCell.swift */ = {isa = PBXFileReference; lastKnownFileType = sourcecode.swift; path = AppetezierListCell.swift; sourceTree = "<group>"; };
		747F375F29D2CD650090DAFE /* NetworkManager.swift */ = {isa = PBXFileReference; lastKnownFileType = sourcecode.swift; path = NetworkManager.swift; sourceTree = "<group>"; };
		747F376129D2CE9C0090DAFE /* APError.swift */ = {isa = PBXFileReference; lastKnownFileType = sourcecode.swift; path = APError.swift; sourceTree = "<group>"; };
		74A1403529D40D8C004F7AF9 /* AppetezierDetailView.swift */ = {isa = PBXFileReference; lastKnownFileType = sourcecode.swift; path = AppetezierDetailView.swift; sourceTree = "<group>"; };
		74A1403829D418B8004F7AF9 /* APButton.swift */ = {isa = PBXFileReference; lastKnownFileType = sourcecode.swift; path = APButton.swift; sourceTree = "<group>"; };
		74A1403A29D41AA9004F7AF9 /* XDismissButton.swift */ = {isa = PBXFileReference; lastKnownFileType = sourcecode.swift; path = XDismissButton.swift; sourceTree = "<group>"; };
		74A1403C29D480AC004F7AF9 /* AccountViewModel.swift */ = {isa = PBXFileReference; lastKnownFileType = sourcecode.swift; path = AccountViewModel.swift; sourceTree = "<group>"; };
		74A1403E29D4825D004F7AF9 /* String+Ext.swift */ = {isa = PBXFileReference; lastKnownFileType = sourcecode.swift; path = "String+Ext.swift"; sourceTree = "<group>"; };
		74A1404029D487B7004F7AF9 /* User.swift */ = {isa = PBXFileReference; lastKnownFileType = sourcecode.swift; path = User.swift; sourceTree = "<group>"; };
		74E3391529D2E780002CB0C6 /* AppetezierListViewModel.swift */ = {isa = PBXFileReference; lastKnownFileType = sourcecode.swift; path = AppetezierListViewModel.swift; sourceTree = "<group>"; };
		74E3391729D2EEDF002CB0C6 /* Alert.swift */ = {isa = PBXFileReference; lastKnownFileType = sourcecode.swift; path = Alert.swift; sourceTree = "<group>"; };
		74E3391929D32062002CB0C6 /* LoadingView.swift */ = {isa = PBXFileReference; lastKnownFileType = sourcecode.swift; path = LoadingView.swift; sourceTree = "<group>"; };
		74E3391B29D33393002CB0C6 /* RemoteImage.swift */ = {isa = PBXFileReference; lastKnownFileType = sourcecode.swift; path = RemoteImage.swift; sourceTree = "<group>"; };
/* End PBXFileReference section */

/* Begin PBXFrameworksBuildPhase section */
		747F374129D2BF740090DAFE /* Frameworks */ = {
			isa = PBXFrameworksBuildPhase;
			buildActionMask = 2147483647;
			files = (
			);
			runOnlyForDeploymentPostprocessing = 0;
		};
/* End PBXFrameworksBuildPhase section */

/* Begin PBXGroup section */
		7411D29329D49AC0001FF526 /* EmptyState */ = {
			isa = PBXGroup;
			children = (
				7411D29629D49AF0001FF526 /* EmptyStateView.swift */,
			);
			path = EmptyState;
			sourceTree = "<group>";
		};
		747F373B29D2BF740090DAFE = {
			isa = PBXGroup;
			children = (
				747F374629D2BF740090DAFE /* Appeteziers */,
				747F374529D2BF740090DAFE /* Products */,
			);
			sourceTree = "<group>";
		};
		747F374529D2BF740090DAFE /* Products */ = {
			isa = PBXGroup;
			children = (
				747F374429D2BF740090DAFE /* Appeteziers.app */,
			);
			name = Products;
			sourceTree = "<group>";
		};
		747F374629D2BF740090DAFE /* Appeteziers */ = {
			isa = PBXGroup;
			children = (
				74E3392629D33C0B002CB0C6 /* Views */,
				74E3392529D33BE5002CB0C6 /* Model */,
				74E3392129D33BA6002CB0C6 /* Utilities */,
				74E3391D29D33B5C002CB0C6 /* Screens */,
				747F374729D2BF740090DAFE /* AppeteziersApp.swift */,
				747F374B29D2BF750090DAFE /* Assets.xcassets */,
				747F374D29D2BF750090DAFE /* Preview Content */,
			);
			path = Appeteziers;
			sourceTree = "<group>";
		};
		747F374D29D2BF750090DAFE /* Preview Content */ = {
			isa = PBXGroup;
			children = (
				747F374E29D2BF750090DAFE /* Preview Assets.xcassets */,
			);
			path = "Preview Content";
			sourceTree = "<group>";
		};
		74A1403729D418A8004F7AF9 /* Buttons */ = {
			isa = PBXGroup;
			children = (
				74A1403829D418B8004F7AF9 /* APButton.swift */,
				74A1403A29D41AA9004F7AF9 /* XDismissButton.swift */,
			);
			path = Buttons;
			sourceTree = "<group>";
		};
		74E3391D29D33B5C002CB0C6 /* Screens */ = {
			isa = PBXGroup;
			children = (
				747F374929D2BF740090DAFE /* AppetezierTabView.swift */,
				74E3391E29D33B65002CB0C6 /* AppetezierListView */,
				74E3392029D33B78002CB0C6 /* AccountView */,
				74E3391F29D33B71002CB0C6 /* OrderView */,
			);
			path = Screens;
			sourceTree = "<group>";
		};
		74E3391E29D33B65002CB0C6 /* AppetezierListView */ = {
			isa = PBXGroup;
			children = (
				74E3391529D2E780002CB0C6 /* AppetezierListViewModel.swift */,
				747F375529D2BFD70090DAFE /* AppetezierListView.swift */,
				74A1403529D40D8C004F7AF9 /* AppetezierDetailView.swift */,
			);
			path = AppetezierListView;
			sourceTree = "<group>";
		};
		74E3391F29D33B71002CB0C6 /* OrderView */ = {
			isa = PBXGroup;
			children = (
				747F375929D2BFE60090DAFE /* OrderView.swift */,
			);
			path = OrderView;
			sourceTree = "<group>";
		};
		74E3392029D33B78002CB0C6 /* AccountView */ = {
			isa = PBXGroup;
			children = (
				747F375729D2BFDF0090DAFE /* AccountView.swift */,
				74A1403C29D480AC004F7AF9 /* AccountViewModel.swift */,
			);
			path = AccountView;
			sourceTree = "<group>";
		};
		74E3392129D33BA6002CB0C6 /* Utilities */ = {
			isa = PBXGroup;
			children = (
				74E3392429D33BC8002CB0C6 /* Alert */,
				74E3392329D33BB8002CB0C6 /* Extensions */,
				74E3392229D33BAF002CB0C6 /* Managers */,
			);
			path = Utilities;
			sourceTree = "<group>";
		};
		74E3392229D33BAF002CB0C6 /* Managers */ = {
			isa = PBXGroup;
			children = (
				747F375F29D2CD650090DAFE /* NetworkManager.swift */,
			);
			path = Managers;
			sourceTree = "<group>";
		};
		74E3392329D33BB8002CB0C6 /* Extensions */ = {
			isa = PBXGroup;
			children = (
				74A1403E29D4825D004F7AF9 /* String+Ext.swift */,
			);
			path = Extensions;
			sourceTree = "<group>";
		};
		74E3392429D33BC8002CB0C6 /* Alert */ = {
			isa = PBXGroup;
			children = (
				747F376129D2CE9C0090DAFE /* APError.swift */,
				74E3391729D2EEDF002CB0C6 /* Alert.swift */,
			);
			path = Alert;
			sourceTree = "<group>";
		};
		74E3392529D33BE5002CB0C6 /* Model */ = {
			isa = PBXGroup;
			children = (
				747F375B29D2C59C0090DAFE /* AppetezierModel.swift */,
				74A1404029D487B7004F7AF9 /* User.swift */,
				7411D29829D4A802001FF526 /* Order.swift */,
			);
			path = Model;
			sourceTree = "<group>";
		};
		74E3392629D33C0B002CB0C6 /* Views */ = {
			isa = PBXGroup;
			children = (
				7411D29329D49AC0001FF526 /* EmptyState */,
				74A1403729D418A8004F7AF9 /* Buttons */,
				74E3392829D33C2D002CB0C6 /* Image */,
				74E3392729D33C1A002CB0C6 /* Cells */,
				74E3392929D33C37002CB0C6 /* LoadingView */,
				7411D29A29D57148001FF526 /* CustomModifiers.swift */,
			);
			path = Views;
			sourceTree = "<group>";
		};
		74E3392729D33C1A002CB0C6 /* Cells */ = {
			isa = PBXGroup;
			children = (
				747F375D29D2CBF90090DAFE /* AppetezierListCell.swift */,
			);
			path = Cells;
			sourceTree = "<group>";
		};
		74E3392829D33C2D002CB0C6 /* Image */ = {
			isa = PBXGroup;
			children = (
				74E3391B29D33393002CB0C6 /* RemoteImage.swift */,
			);
			path = Image;
			sourceTree = "<group>";
		};
		74E3392929D33C37002CB0C6 /* LoadingView */ = {
			isa = PBXGroup;
			children = (
				74E3391929D32062002CB0C6 /* LoadingView.swift */,
			);
			path = LoadingView;
			sourceTree = "<group>";
		};
/* End PBXGroup section */

/* Begin PBXNativeTarget section */
		747F374329D2BF740090DAFE /* Appeteziers */ = {
			isa = PBXNativeTarget;
			buildConfigurationList = 747F375229D2BF750090DAFE /* Build configuration list for PBXNativeTarget "Appeteziers" */;
			buildPhases = (
				747F374029D2BF740090DAFE /* Sources */,
				747F374129D2BF740090DAFE /* Frameworks */,
				747F374229D2BF740090DAFE /* Resources */,
			);
			buildRules = (
			);
			dependencies = (
			);
			name = Appeteziers;
			productName = Appeteziers;
			productReference = 747F374429D2BF740090DAFE /* Appeteziers.app */;
			productType = "com.apple.product-type.application";
		};
/* End PBXNativeTarget section */

/* Begin PBXProject section */
		747F373C29D2BF740090DAFE /* Project object */ = {
			isa = PBXProject;
			attributes = {
				BuildIndependentTargetsInParallel = 1;
				LastSwiftUpdateCheck = 1420;
				LastUpgradeCheck = 1420;
				TargetAttributes = {
					747F374329D2BF740090DAFE = {
						CreatedOnToolsVersion = 14.2;
					};
				};
			};
			buildConfigurationList = 747F373F29D2BF740090DAFE /* Build configuration list for PBXProject "Appeteziers" */;
			compatibilityVersion = "Xcode 14.0";
			developmentRegion = en;
			hasScannedForEncodings = 0;
			knownRegions = (
				en,
				Base,
			);
			mainGroup = 747F373B29D2BF740090DAFE;
			productRefGroup = 747F374529D2BF740090DAFE /* Products */;
			projectDirPath = "";
			projectRoot = "";
			targets = (
				747F374329D2BF740090DAFE /* Appeteziers */,
			);
		};
/* End PBXProject section */

/* Begin PBXResourcesBuildPhase section */
		747F374229D2BF740090DAFE /* Resources */ = {
			isa = PBXResourcesBuildPhase;
			buildActionMask = 2147483647;
			files = (
				747F374F29D2BF750090DAFE /* Preview Assets.xcassets in Resources */,
				747F374C29D2BF750090DAFE /* Assets.xcassets in Resources */,
			);
			runOnlyForDeploymentPostprocessing = 0;
		};
/* End PBXResourcesBuildPhase section */

/* Begin PBXSourcesBuildPhase section */
		747F374029D2BF740090DAFE /* Sources */ = {
			isa = PBXSourcesBuildPhase;
			buildActionMask = 2147483647;
			files = (
				74A1403F29D4825D004F7AF9 /* String+Ext.swift in Sources */,
				747F375829D2BFDF0090DAFE /* AccountView.swift in Sources */,
				7411D29729D49AF0001FF526 /* EmptyStateView.swift in Sources */,
				74E3391629D2E780002CB0C6 /* AppetezierListViewModel.swift in Sources */,
				747F376229D2CE9C0090DAFE /* APError.swift in Sources */,
				74A1403929D418B8004F7AF9 /* APButton.swift in Sources */,
				7411D29929D4A802001FF526 /* Order.swift in Sources */,
				747F375E29D2CBF90090DAFE /* AppetezierListCell.swift in Sources */,
				747F374A29D2BF740090DAFE /* AppetezierTabView.swift in Sources */,
				7411D29B29D57148001FF526 /* CustomModifiers.swift in Sources */,
				74E3391A29D32062002CB0C6 /* LoadingView.swift in Sources */,
				74E3391C29D33393002CB0C6 /* RemoteImage.swift in Sources */,
				747F375C29D2C59C0090DAFE /* AppetezierModel.swift in Sources */,
				747F376029D2CD650090DAFE /* NetworkManager.swift in Sources */,
				747F374829D2BF740090DAFE /* AppeteziersApp.swift in Sources */,
				74E3391829D2EEDF002CB0C6 /* Alert.swift in Sources */,
				747F375629D2BFD70090DAFE /* AppetezierListView.swift in Sources */,
				74A1403629D40D8C004F7AF9 /* AppetezierDetailView.swift in Sources */,
				747F375A29D2BFE60090DAFE /* OrderView.swift in Sources */,
				74A1403D29D480AC004F7AF9 /* AccountViewModel.swift in Sources */,
				74A1403B29D41AA9004F7AF9 /* XDismissButton.swift in Sources */,
				74A1404129D487B7004F7AF9 /* User.swift in Sources */,
			);
			runOnlyForDeploymentPostprocessing = 0;
		};
/* End PBXSourcesBuildPhase section */

/* Begin XCBuildConfiguration section */
		747F375029D2BF750090DAFE /* Debug */ = {
			isa = XCBuildConfiguration;
			buildSettings = {
				ALWAYS_SEARCH_USER_PATHS = NO;
				CLANG_ANALYZER_NONNULL = YES;
				CLANG_ANALYZER_NUMBER_OBJECT_CONVERSION = YES_AGGRESSIVE;
				CLANG_CXX_LANGUAGE_STANDARD = "gnu++20";
				CLANG_ENABLE_MODULES = YES;
				CLANG_ENABLE_OBJC_ARC = YES;
				CLANG_ENABLE_OBJC_WEAK = YES;
				CLANG_WARN_BLOCK_CAPTURE_AUTORELEASING = YES;
				CLANG_WARN_BOOL_CONVERSION = YES;
				CLANG_WARN_COMMA = YES;
				CLANG_WARN_CONSTANT_CONVERSION = YES;
				CLANG_WARN_DEPRECATED_OBJC_IMPLEMENTATIONS = YES;
				CLANG_WARN_DIRECT_OBJC_ISA_USAGE = YES_ERROR;
				CLANG_WARN_DOCUMENTATION_COMMENTS = YES;
				CLANG_WARN_EMPTY_BODY = YES;
				CLANG_WARN_ENUM_CONVERSION = YES;
				CLANG_WARN_INFINITE_RECURSION = YES;
				CLANG_WARN_INT_CONVERSION = YES;
				CLANG_WARN_NON_LITERAL_NULL_CONVERSION = YES;
				CLANG_WARN_OBJC_IMPLICIT_RETAIN_SELF = YES;
				CLANG_WARN_OBJC_LITERAL_CONVERSION = YES;
				CLANG_WARN_OBJC_ROOT_CLASS = YES_ERROR;
				CLANG_WARN_QUOTED_INCLUDE_IN_FRAMEWORK_HEADER = YES;
				CLANG_WARN_RANGE_LOOP_ANALYSIS = YES;
				CLANG_WARN_STRICT_PROTOTYPES = YES;
				CLANG_WARN_SUSPICIOUS_MOVE = YES;
				CLANG_WARN_UNGUARDED_AVAILABILITY = YES_AGGRESSIVE;
				CLANG_WARN_UNREACHABLE_CODE = YES;
				CLANG_WARN__DUPLICATE_METHOD_MATCH = YES;
				COPY_PHASE_STRIP = NO;
				DEBUG_INFORMATION_FORMAT = dwarf;
				ENABLE_STRICT_OBJC_MSGSEND = YES;
				ENABLE_TESTABILITY = YES;
				GCC_C_LANGUAGE_STANDARD = gnu11;
				GCC_DYNAMIC_NO_PIC = NO;
				GCC_NO_COMMON_BLOCKS = YES;
				GCC_OPTIMIZATION_LEVEL = 0;
				GCC_PREPROCESSOR_DEFINITIONS = (
					"DEBUG=1",
					"$(inherited)",
				);
				GCC_WARN_64_TO_32_BIT_CONVERSION = YES;
				GCC_WARN_ABOUT_RETURN_TYPE = YES_ERROR;
				GCC_WARN_UNDECLARED_SELECTOR = YES;
				GCC_WARN_UNINITIALIZED_AUTOS = YES_AGGRESSIVE;
				GCC_WARN_UNUSED_FUNCTION = YES;
				GCC_WARN_UNUSED_VARIABLE = YES;
				IPHONEOS_DEPLOYMENT_TARGET = 15.0;
				MTL_ENABLE_DEBUG_INFO = INCLUDE_SOURCE;
				MTL_FAST_MATH = YES;
				ONLY_ACTIVE_ARCH = YES;
				SDKROOT = iphoneos;
				SWIFT_ACTIVE_COMPILATION_CONDITIONS = DEBUG;
				SWIFT_OPTIMIZATION_LEVEL = "-Onone";
			};
			name = Debug;
		};
		747F375129D2BF750090DAFE /* Release */ = {
			isa = XCBuildConfiguration;
			buildSettings = {
				ALWAYS_SEARCH_USER_PATHS = NO;
				CLANG_ANALYZER_NONNULL = YES;
				CLANG_ANALYZER_NUMBER_OBJECT_CONVERSION = YES_AGGRESSIVE;
				CLANG_CXX_LANGUAGE_STANDARD = "gnu++20";
				CLANG_ENABLE_MODULES = YES;
				CLANG_ENABLE_OBJC_ARC = YES;
				CLANG_ENABLE_OBJC_WEAK = YES;
				CLANG_WARN_BLOCK_CAPTURE_AUTORELEASING = YES;
				CLANG_WARN_BOOL_CONVERSION = YES;
				CLANG_WARN_COMMA = YES;
				CLANG_WARN_CONSTANT_CONVERSION = YES;
				CLANG_WARN_DEPRECATED_OBJC_IMPLEMENTATIONS = YES;
				CLANG_WARN_DIRECT_OBJC_ISA_USAGE = YES_ERROR;
				CLANG_WARN_DOCUMENTATION_COMMENTS = YES;
				CLANG_WARN_EMPTY_BODY = YES;
				CLANG_WARN_ENUM_CONVERSION = YES;
				CLANG_WARN_INFINITE_RECURSION = YES;
				CLANG_WARN_INT_CONVERSION = YES;
				CLANG_WARN_NON_LITERAL_NULL_CONVERSION = YES;
				CLANG_WARN_OBJC_IMPLICIT_RETAIN_SELF = YES;
				CLANG_WARN_OBJC_LITERAL_CONVERSION = YES;
				CLANG_WARN_OBJC_ROOT_CLASS = YES_ERROR;
				CLANG_WARN_QUOTED_INCLUDE_IN_FRAMEWORK_HEADER = YES;
				CLANG_WARN_RANGE_LOOP_ANALYSIS = YES;
				CLANG_WARN_STRICT_PROTOTYPES = YES;
				CLANG_WARN_SUSPICIOUS_MOVE = YES;
				CLANG_WARN_UNGUARDED_AVAILABILITY = YES_AGGRESSIVE;
				CLANG_WARN_UNREACHABLE_CODE = YES;
				CLANG_WARN__DUPLICATE_METHOD_MATCH = YES;
				COPY_PHASE_STRIP = NO;
				DEBUG_INFORMATION_FORMAT = "dwarf-with-dsym";
				ENABLE_NS_ASSERTIONS = NO;
				ENABLE_STRICT_OBJC_MSGSEND = YES;
				GCC_C_LANGUAGE_STANDARD = gnu11;
				GCC_NO_COMMON_BLOCKS = YES;
				GCC_WARN_64_TO_32_BIT_CONVERSION = YES;
				GCC_WARN_ABOUT_RETURN_TYPE = YES_ERROR;
				GCC_WARN_UNDECLARED_SELECTOR = YES;
				GCC_WARN_UNINITIALIZED_AUTOS = YES_AGGRESSIVE;
				GCC_WARN_UNUSED_FUNCTION = YES;
				GCC_WARN_UNUSED_VARIABLE = YES;
				IPHONEOS_DEPLOYMENT_TARGET = 15.0;
				MTL_ENABLE_DEBUG_INFO = NO;
				MTL_FAST_MATH = YES;
				SDKROOT = iphoneos;
				SWIFT_COMPILATION_MODE = wholemodule;
				SWIFT_OPTIMIZATION_LEVEL = "-O";
				VALIDATE_PRODUCT = YES;
			};
			name = Release;
		};
		747F375329D2BF750090DAFE /* Debug */ = {
			isa = XCBuildConfiguration;
			buildSettings = {
				ASSETCATALOG_COMPILER_APPICON_NAME = AppIcon;
				ASSETCATALOG_COMPILER_GLOBAL_ACCENT_COLOR_NAME = AccentColor;
				CODE_SIGN_STYLE = Automatic;
				CURRENT_PROJECT_VERSION = 1;
				DEVELOPMENT_ASSET_PATHS = "\"Appeteziers/Preview Content\"";
				DEVELOPMENT_TEAM = 3JFC7AD7WA;
				ENABLE_PREVIEWS = YES;
				GENERATE_INFOPLIST_FILE = YES;
				INFOPLIST_KEY_UIApplicationSceneManifest_Generation = YES;
				INFOPLIST_KEY_UIApplicationSupportsIndirectInputEvents = YES;
				INFOPLIST_KEY_UILaunchScreen_Generation = YES;
				INFOPLIST_KEY_UISupportedInterfaceOrientations_iPad = "UIInterfaceOrientationPortrait UIInterfaceOrientationPortraitUpsideDown UIInterfaceOrientationLandscapeLeft UIInterfaceOrientationLandscapeRight";
				INFOPLIST_KEY_UISupportedInterfaceOrientations_iPhone = "UIInterfaceOrientationPortrait UIInterfaceOrientationLandscapeLeft UIInterfaceOrientationLandscapeRight";
				IPHONEOS_DEPLOYMENT_TARGET = 15.0;
				LD_RUNPATH_SEARCH_PATHS = (
					"$(inherited)",
					"@executable_path/Frameworks",
				);
				MARKETING_VERSION = 1.0;
				PRODUCT_BUNDLE_IDENTIFIER = comMuhammed.Appeteziers;
				PRODUCT_NAME = "$(TARGET_NAME)";
				SUPPORTED_PLATFORMS = "iphoneos iphonesimulator";
				SUPPORTS_MACCATALYST = NO;
				SUPPORTS_MAC_DESIGNED_FOR_IPHONE_IPAD = NO;
				SWIFT_EMIT_LOC_STRINGS = YES;
				SWIFT_VERSION = 5.0;
				TARGETED_DEVICE_FAMILY = "1,2";
			};
			name = Debug;
		};
		747F375429D2BF750090DAFE /* Release */ = {
			isa = XCBuildConfiguration;
			buildSettings = {
				ASSETCATALOG_COMPILER_APPICON_NAME = AppIcon;
				ASSETCATALOG_COMPILER_GLOBAL_ACCENT_COLOR_NAME = AccentColor;
				CODE_SIGN_STYLE = Automatic;
				CURRENT_PROJECT_VERSION = 1;
				DEVELOPMENT_ASSET_PATHS = "\"Appeteziers/Preview Content\"";
				DEVELOPMENT_TEAM = 3JFC7AD7WA;
				ENABLE_PREVIEWS = YES;
				GENERATE_INFOPLIST_FILE = YES;
				INFOPLIST_KEY_UIApplicationSceneManifest_Generation = YES;
				INFOPLIST_KEY_UIApplicationSupportsIndirectInputEvents = YES;
				INFOPLIST_KEY_UILaunchScreen_Generation = YES;
				INFOPLIST_KEY_UISupportedInterfaceOrientations_iPad = "UIInterfaceOrientationPortrait UIInterfaceOrientationPortraitUpsideDown UIInterfaceOrientationLandscapeLeft UIInterfaceOrientationLandscapeRight";
				INFOPLIST_KEY_UISupportedInterfaceOrientations_iPhone = "UIInterfaceOrientationPortrait UIInterfaceOrientationLandscapeLeft UIInterfaceOrientationLandscapeRight";
				IPHONEOS_DEPLOYMENT_TARGET = 15.0;
				LD_RUNPATH_SEARCH_PATHS = (
					"$(inherited)",
					"@executable_path/Frameworks",
				);
				MARKETING_VERSION = 1.0;
				PRODUCT_BUNDLE_IDENTIFIER = comMuhammed.Appeteziers;
				PRODUCT_NAME = "$(TARGET_NAME)";
				SUPPORTED_PLATFORMS = "iphoneos iphonesimulator";
				SUPPORTS_MACCATALYST = NO;
				SUPPORTS_MAC_DESIGNED_FOR_IPHONE_IPAD = NO;
				SWIFT_EMIT_LOC_STRINGS = YES;
				SWIFT_VERSION = 5.0;
				TARGETED_DEVICE_FAMILY = "1,2";
			};
			name = Release;
		};
/* End XCBuildConfiguration section */

/* Begin XCConfigurationList section */
		747F373F29D2BF740090DAFE /* Build configuration list for PBXProject "Appeteziers" */ = {
			isa = XCConfigurationList;
			buildConfigurations = (
				747F375029D2BF750090DAFE /* Debug */,
				747F375129D2BF750090DAFE /* Release */,
			);
			defaultConfigurationIsVisible = 0;
			defaultConfigurationName = Release;
		};
		747F375229D2BF750090DAFE /* Build configuration list for PBXNativeTarget "Appeteziers" */ = {
			isa = XCConfigurationList;
			buildConfigurations = (
				747F375329D2BF750090DAFE /* Debug */,
				747F375429D2BF750090DAFE /* Release */,
			);
			defaultConfigurationIsVisible = 0;
			defaultConfigurationName = Release;
		};
/* End XCConfigurationList section */
	};
	rootObject = 747F373C29D2BF740090DAFE /* Project object */;
}
